{
  "requires": true,
  "lockfileVersion": 1,
  "dependencies": {
    "@prettier/plugin-ruby": {
      "version": "0.18.1",
      "resolved": "https://registry.npmjs.org/@prettier/plugin-ruby/-/plugin-ruby-0.18.1.tgz",
      "integrity": "sha512-JtV11bkFpxbYAj7yM/KgyOvFz6KvWaR5J/kx1BD5ksb2+ritScXE2ADAHjYomiAvpIGdHKnywhJBGpzltRdUpQ==",
      "dev": true,
      "requires": {
        "prettier": "2.0.4"
      }
    },
    "prettier": {
      "version": "2.0.4",
      "resolved": "https://registry.npmjs.org/prettier/-/prettier-2.0.4.tgz",
      "integrity": "sha512-SVJIQ51spzFDvh4fIbCLvciiDMCrRhlN3mbZvv/+ycjvmF5E73bKdGfU8QDLNmjYJf+lsGnDBC4UUnvTe5OO0w==",
      "dev": true
    }
  }
}
